
Microsoft Visual Studio Solution File, Format Version 12.00
# Visual Studio Version 17
VisualStudioVersion = 17.0.31903.59
MinimumVisualStudioVersion = 10.0.40219.1
Project("{2150E333-8FDC-42A3-9474-1A3956D46DE8}") = "src", "src", "{827E0CD3-B72D-47B6-A68D-7590B98EB39B}"
EndProject
Project("{FAE04EC0-301F-11D3-BF4B-00C04F79EFBC}") = "GuardLab.Core", "src\GuardLab.Core\GuardLab.Core.csproj", "{E8DA0183-73F0-4368-AD3A-2FF524ED3842}"
EndProject
Project("{FAE04EC0-301F-11D3-BF4B-00C04F79EFBC}") = "GuardLab.Application", "src\GuardLab.Application\GuardLab.Application.csproj", "{315693AF-0628-4F10-B277-4133817D44E7}"
EndProject
Project("{FAE04EC0-301F-11D3-BF4B-00C04F79EFBC}") = "GuardLab.Infrastructure", "src\GuardLab.Infrastructure\GuardLab.Infrastructure.csproj", "{D6D3D27E-6251-4E0B-9F6D-7CB70685DEA2}"
EndProject
Project("{FAE04EC0-301F-11D3-BF4B-00C04F79EFBC}") = "GuardLab.Api", "src\GuardLab.Api\GuardLab.Api.csproj", "{CFC6EBF3-9C5D-4BD0-B249-61D6BD54D23D}"
EndProject
Project("{FAE04EC0-301F-11D3-BF4B-00C04F79EFBC}") = "GuardLab.DbMigrator", "src\GuardLab.DbMigrator\GuardLab.DbMigrator.csproj", "{A1B2C3D4-E5F6-47A8-9B0C-1D2E3F4A5B6C}"
EndProject
Global
	GlobalSection(SolutionConfigurationPlatforms) = preSolution
		Debug|Any CPU = Debug|Any CPU
		Debug|x64 = Debug|x64
		Debug|x86 = Debug|x86
		Release|Any CPU = Release|Any CPU
		Release|x64 = Release|x64
		Release|x86 = Release|x86
	EndGlobalSection
	GlobalSection(ProjectConfigurationPlatforms) = postSolution
		{A1B2C3D4-E5F6-47A8-9B0C-1D2E3F4A5B6C}.Debug|Any CPU.ActiveCfg = Debug|Any CPU
		{A1B2C3D4-E5F6-47A8-9B0C-1D2E3F4A5B6C}.Debug|Any CPU.Build.0 = Debug|Any CPU
		{A1B2C3D4-E5F6-47A8-9B0C-1D2E3F4A5B6C}.Release|Any CPU.ActiveCfg = Release|Any CPU
		{A1B2C3D4-E5F6-47A8-9B0C-1D2E3F4A5B6C}.Release|Any CPU.Build.0 = Release|Any CPU
		{E8DA0183-73F0-4368-AD3A-2FF524ED3842}.Debug|Any CPU.ActiveCfg = Debug|Any CPU
		{E8DA0183-73F0-4368-AD3A-2FF524ED3842}.Debug|Any CPU.Build.0 = Debug|Any CPU
		{E8DA0183-73F0-4368-AD3A-2FF524ED3842}.Debug|x64.ActiveCfg = Debug|Any CPU
		{E8DA0183-73F0-4368-AD3A-2FF524ED3842}.Debug|x64.Build.0 = Debug|Any CPU
		{E8DA0183-73F0-4368-AD3A-2FF524ED3842}.Debug|x86.ActiveCfg = Debug|Any CPU
		{E8DA0183-73F0-4368-AD3A-2FF524ED3842}.Debug|x86.Build.0 = Debug|Any CPU
		{E8DA0183-73F0-4368-AD3A-2FF524ED3842}.Release|Any CPU.ActiveCfg = Release|Any CPU
		{E8DA0183-73F0-4368-AD3A-2FF524ED3842}.Release|Any CPU.Build.0 = Release|Any CPU
		{E8DA0183-73F0-4368-AD3A-2FF524ED3842}.Release|x64.ActiveCfg = Release|Any CPU
		{E8DA0183-73F0-4368-AD3A-2FF524ED3842}.Release|x64.Build.0 = Release|Any CPU
		{E8DA0183-73F0-4368-AD3A-2FF524ED3842}.Release|x86.ActiveCfg = Release|Any CPU
		{E8DA0183-73F0-4368-AD3A-2FF524ED3842}.Release|x86.Build.0 = Release|Any CPU
		{315693AF-0628-4F10-B277-4133817D44E7}.Debug|Any CPU.ActiveCfg = Debug|Any CPU
		{315693AF-0628-4F10-B277-4133817D44E7}.Debug|Any CPU.Build.0 = Debug|Any CPU
		{315693AF-0628-4F10-B277-4133817D44E7}.Debug|x64.ActiveCfg = Debug|Any CPU
		{315693AF-0628-4F10-B277-4133817D44E7}.Debug|x64.Build.0 = Debug|Any CPU
		{315693AF-0628-4F10-B277-4133817D44E7}.Debug|x86.ActiveCfg = Debug|Any CPU
		{315693AF-0628-4F10-B277-4133817D44E7}.Debug|x86.Build.0 = Debug|Any CPU
		{315693AF-0628-4F10-B277-4133817D44E7}.Release|Any CPU.ActiveCfg = Release|Any CPU
		{315693AF-0628-4F10-B277-4133817D44E7}.Release|Any CPU.Build.0 = Release|Any CPU
		{315693AF-0628-4F10-B277-4133817D44E7}.Release|x64.ActiveCfg = Release|Any CPU
		{315693AF-0628-4F10-B277-4133817D44E7}.Release|x64.Build.0 = Release|Any CPU
		{315693AF-0628-4F10-B277-4133817D44E7}.Release|x86.ActiveCfg = Release|Any CPU
		{315693AF-0628-4F10-B277-4133817D44E7}.Release|x86.Build.0 = Release|Any CPU
		{D6D3D27E-6251-4E0B-9F6D-7CB70685DEA2}.Debug|Any CPU.ActiveCfg = Debug|Any CPU
		{D6D3D27E-6251-4E0B-9F6D-7CB70685DEA2}.Debug|Any CPU.Build.0 = Debug|Any CPU
		{D6D3D27E-6251-4E0B-9F6D-7CB70685DEA2}.Debug|x64.ActiveCfg = Debug|Any CPU
		{D6D3D27E-6251-4E0B-9F6D-7CB70685DEA2}.Debug|x64.Build.0 = Debug|Any CPU
		{D6D3D27E-6251-4E0B-9F6D-7CB70685DEA2}.Debug|x86.ActiveCfg = Debug|Any CPU
		{D6D3D27E-6251-4E0B-9F6D-7CB70685DEA2}.Debug|x86.Build.0 = Debug|Any CPU
		{D6D3D27E-6251-4E0B-9F6D-7CB70685DEA2}.Release|Any CPU.ActiveCfg = Release|Any CPU
		{D6D3D27E-6251-4E0B-9F6D-7CB70685DEA2}.Release|Any CPU.Build.0 = Release|Any CPU
		{D6D3D27E-6251-4E0B-9F6D-7CB70685DEA2}.Release|x64.ActiveCfg = Release|Any CPU
		{D6D3D27E-6251-4E0B-9F6D-7CB70685DEA2}.Release|x64.Build.0 = Release|Any CPU
		{D6D3D27E-6251-4E0B-9F6D-7CB70685DEA2}.Release|x86.ActiveCfg = Release|Any CPU
		{D6D3D27E-6251-4E0B-9F6D-7CB70685DEA2}.Release|x86.Build.0 = Release|Any CPU
		{CFC6EBF3-9C5D-4BD0-B249-61D6BD54D23D}.Debug|Any CPU.ActiveCfg = Debug|Any CPU
		{CFC6EBF3-9C5D-4BD0-B249-61D6BD54D23D}.Debug|Any CPU.Build.0 = Debug|Any CPU
		{CFC6EBF3-9C5D-4BD0-B249-61D6BD54D23D}.Debug|x64.ActiveCfg = Debug|Any CPU
		{CFC6EBF3-9C5D-4BD0-B249-61D6BD54D23D}.Debug|x64.Build.0 = Debug|Any CPU
		{CFC6EBF3-9C5D-4BD0-B249-61D6BD54D23D}.Debug|x86.ActiveCfg = Debug|Any CPU
		{CFC6EBF3-9C5D-4BD0-B249-61D6BD54D23D}.Debug|x86.Build.0 = Debug|Any CPU
		{CFC6EBF3-9C5D-4BD0-B249-61D6BD54D23D}.Release|Any CPU.ActiveCfg = Release|Any CPU
		{CFC6EBF3-9C5D-4BD0-B249-61D6BD54D23D}.Release|Any CPU.Build.0 = Release|Any CPU
		{CFC6EBF3-9C5D-4BD0-B249-61D6BD54D23D}.Release|x64.ActiveCfg = Release|Any CPU
		{CFC6EBF3-9C5D-4BD0-B249-61D6BD54D23D}.Release|x64.Build.0 = Release|Any CPU
		{CFC6EBF3-9C5D-4BD0-B249-61D6BD54D23D}.Release|x86.ActiveCfg = Release|Any CPU
		{CFC6EBF3-9C5D-4BD0-B249-61D6BD54D23D}.Release|x86.Build.0 = Release|Any CPU
	EndGlobalSection
	GlobalSection(SolutionProperties) = preSolution
		HideSolutionNode = FALSE
	EndGlobalSection
	GlobalSection(NestedProjects) = preSolution
		{A1B2C3D4-E5F6-47A8-9B0C-1D2E3F4A5B6C} = {827E0CD3-B72D-47B6-A68D-7590B98EB39B}
		{E8DA0183-73F0-4368-AD3A-2FF524ED3842} = {827E0CD3-B72D-47B6-A68D-7590B98EB39B}
		{315693AF-0628-4F10-B277-4133817D44E7} = {827E0CD3-B72D-47B6-A68D-7590B98EB39B}
		{D6D3D27E-6251-4E0B-9F6D-7CB70685DEA2} = {827E0CD3-B72D-47B6-A68D-7590B98EB39B}
		{CFC6EBF3-9C5D-4BD0-B249-61D6BD54D23D} = {827E0CD3-B72D-47B6-A68D-7590B98EB39B}
	EndGlobalSection
EndGlobal
